
Microsoft Visual Studio Solution File, Format Version 12.00
# Visual Studio Version 17
VisualStudioVersion = 17.14.36408.4
MinimumVisualStudioVersion = 10.0.40219.1
Project("{FAE04EC0-301F-11D3-BF4B-00C04F79EFBC}") = "ExamPortal", "ExamPortal.csproj", "{F4B0A7B3-0289-446F-8ED6-E81FE491C5EB}"
EndProject
Global
	GlobalSection(SolutionConfigurationPlatforms) = preSolution
		Debug|Any CPU = Debug|Any CPU
		Release|Any CPU = Release|Any CPU
	EndGlobalSection
	GlobalSection(ProjectConfigurationPlatforms) = postSolution
		{F4B0A7B3-0289-446F-8ED6-E81FE491C5EB}.Debug|Any CPU.ActiveCfg = Debug|Any CPU
		{F4B0A7B3-0289-446F-8ED6-E81FE491C5EB}.Debug|Any CPU.Build.0 = Debug|Any CPU
		{F4B0A7B3-0289-446F-8ED6-E81FE491C5EB}.Debug|Any CPU.Deploy.0 = Debug|Any CPU
		{F4B0A7B3-0289-446F-8ED6-E81FE491C5EB}.Release|Any CPU.ActiveCfg = Release|Any CPU
		{F4B0A7B3-0289-446F-8ED6-E81FE491C5EB}.Release|Any CPU.Build.0 = Release|Any CPU
	EndGlobalSection
	GlobalSection(SolutionProperties) = preSolution
		HideSolutionNode = FALSE
	EndGlobalSection
	GlobalSection(ExtensibilityGlobals) = postSolution
		SolutionGuid = {D7C88759-C9D6-4373-8BEF-4F3EE9A46D26}
	EndGlobalSection
EndGlobal
